// !$*UTF8*$!
{
	archiveVersion = 1;
	classes = {
	};
	objectVersion = 46;
	objects = {

/* Begin PBXBuildFile section */
		2A07069817C69B7C0057E35D /* Foundation.framework in Frameworks */ = {isa = PBXBuildFile; fileRef = 2A07069717C69B7C0057E35D /* Foundation.framework */; };
		2A07069A17C69B7C0057E35D /* CoreGraphics.framework in Frameworks */ = {isa = PBXBuildFile; fileRef = 2A07069917C69B7C0057E35D /* CoreGraphics.framework */; };
		2A07069C17C69B7C0057E35D /* UIKit.framework in Frameworks */ = {isa = PBXBuildFile; fileRef = 2A07069B17C69B7C0057E35D /* UIKit.framework */; };
		2A07069E17C69B7C0057E35D /* SpriteKit.framework in Frameworks */ = {isa = PBXBuildFile; fileRef = 2A07069D17C69B7C0057E35D /* SpriteKit.framework */; };
		2A0706A417C69B7C0057E35D /* InfoPlist.strings in Resources */ = {isa = PBXBuildFile; fileRef = 2A0706A217C69B7C0057E35D /* InfoPlist.strings */; };
		2A0706A617C69B7C0057E35D /* main.m in Sources */ = {isa = PBXBuildFile; fileRef = 2A0706A517C69B7C0057E35D /* main.m */; };
		2A0706AA17C69B7C0057E35D /* AppDelegate.m in Sources */ = {isa = PBXBuildFile; fileRef = 2A0706A917C69B7C0057E35D /* AppDelegate.m */; };
		2A0706AD17C69B7C0057E35D /* Main_iPhone.storyboard in Resources */ = {isa = PBXBuildFile; fileRef = 2A0706AB17C69B7C0057E35D /* Main_iPhone.storyboard */; };
		2A0706B017C69B7C0057E35D /* Main_iPad.storyboard in Resources */ = {isa = PBXBuildFile; fileRef = 2A0706AE17C69B7C0057E35D /* Main_iPad.storyboard */; };
		2A0706B317C69B7C0057E35D /* ViewController.m in Sources */ = {isa = PBXBuildFile; fileRef = 2A0706B217C69B7C0057E35D /* ViewController.m */; };
		2A0706B617C69B7C0057E35D /* MyScene.m in Sources */ = {isa = PBXBuildFile; fileRef = 2A0706B517C69B7C0057E35D /* MyScene.m */; };
		2A0706B817C69B7C0057E35D /* Spaceship.png in Resources */ = {isa = PBXBuildFile; fileRef = 2A0706B717C69B7C0057E35D /* Spaceship.png */; };
		2A0706BA17C69B7C0057E35D /* Images.xcassets in Resources */ = {isa = PBXBuildFile; fileRef = 2A0706B917C69B7C0057E35D /* Images.xcassets */; };
		2A0706C117C69B7D0057E35D /* XCTest.framework in Frameworks */ = {isa = PBXBuildFile; fileRef = 2A0706C017C69B7D0057E35D /* XCTest.framework */; };
		2A0706C217C69B7D0057E35D /* Foundation.framework in Frameworks */ = {isa = PBXBuildFile; fileRef = 2A07069717C69B7C0057E35D /* Foundation.framework */; };
		2A0706C317C69B7D0057E35D /* UIKit.framework in Frameworks */ = {isa = PBXBuildFile; fileRef = 2A07069B17C69B7C0057E35D /* UIKit.framework */; };
		2A0706CB17C69B7D0057E35D /* InfoPlist.strings in Resources */ = {isa = PBXBuildFile; fileRef = 2A0706C917C69B7D0057E35D /* InfoPlist.strings */; };
		2A0706CD17C69B7D0057E35D /* BounceClockTests.m in Sources */ = {isa = PBXBuildFile; fileRef = 2A0706CC17C69B7D0057E35D /* BounceClockTests.m */; };
		2A0706D817C69C020057E35D /* BCLNumberBox.m in Sources */ = {isa = PBXBuildFile; fileRef = 2A0706D717C69C020057E35D /* BCLNumberBox.m */; };
		2A0706DC17C6AEB60057E35D /* BCLFloorSegment.m in Sources */ = {isa = PBXBuildFile; fileRef = 2A0706DB17C6AEB60057E35D /* BCLFloorSegment.m */; };
		2A0706E017C6B5590057E35D /* THTime.m in Sources */ = {isa = PBXBuildFile; fileRef = 2A0706DF17C6B5590057E35D /* THTime.m */; };
		2A14AE3817C733E30056FDC7 /* UIColor+FlatUI.m in Sources */ = {isa = PBXBuildFile; fileRef = 2A14AE3717C733E30056FDC7 /* UIColor+FlatUI.m */; };
		2A14AE3B17C7350A0056FDC7 /* UIColor+CrossFade.m in Sources */ = {isa = PBXBuildFile; fileRef = 2A14AE3A17C7350A0056FDC7 /* UIColor+CrossFade.m */; };
		2A14AE3E17C7D50D0056FDC7 /* BCLFloater.m in Sources */ = {isa = PBXBuildFile; fileRef = 2A14AE3D17C7D50D0056FDC7 /* BCLFloater.m */; };
		2A14AE4117C7E0A80056FDC7 /* BCLNodeGlobals.m in Sources */ = {isa = PBXBuildFile; fileRef = 2A14AE4017C7E0A80056FDC7 /* BCLNodeGlobals.m */; };
		2A14AE4417C7E6DB0056FDC7 /* ipad-level6@2x.png in Resources */ = {isa = PBXBuildFile; fileRef = 2A14AE4317C7E6DB0056FDC7 /* ipad-level6@2x.png */; };
		2A14AE4A17C7E6DB0056FDC7 /* BCLbg1@2x.png in Resources */ = {isa = PBXBuildFile; fileRef = 2A14AE4917C7E6DB0056FDC7 /* BCLbg1@2x.png */; };
		2A14AE4D17C7E6DB0056FDC7 /* circle@2x.png in Resources */ = {isa = PBXBuildFile; fileRef = 2A14AE4C17C7E6DB0056FDC7 /* circle@2x.png */; };
/* End PBXBuildFile section */

/* Begin PBXContainerItemProxy section */
		2A0706C417C69B7D0057E35D /* PBXContainerItemProxy */ = {
			isa = PBXContainerItemProxy;
			containerPortal = 2A07068C17C69B7C0057E35D /* Project object */;
			proxyType = 1;
			remoteGlobalIDString = 2A07069317C69B7C0057E35D;
			remoteInfo = BounceClock;
		};
/* End PBXContainerItemProxy section */

/* Begin PBXFileReference section */
		2A07069417C69B7C0057E35D /* BounceClock.app */ = {isa = PBXFileReference; explicitFileType = wrapper.application; includeInIndex = 0; path = BounceClock.app; sourceTree = BUILT_PRODUCTS_DIR; };
		2A07069717C69B7C0057E35D /* Foundation.framework */ = {isa = PBXFileReference; lastKnownFileType = wrapper.framework; name = Foundation.framework; path = System/Library/Frameworks/Foundation.framework; sourceTree = SDKROOT; };
		2A07069917C69B7C0057E35D /* CoreGraphics.framework */ = {isa = PBXFileReference; lastKnownFileType = wrapper.framework; name = CoreGraphics.framework; path = System/Library/Frameworks/CoreGraphics.framework; sourceTree = SDKROOT; };
		2A07069B17C69B7C0057E35D /* UIKit.framework */ = {isa = PBXFileReference; lastKnownFileType = wrapper.framework; name = UIKit.framework; path = System/Library/Frameworks/UIKit.framework; sourceTree = SDKROOT; };
		2A07069D17C69B7C0057E35D /* SpriteKit.framework */ = {isa = PBXFileReference; lastKnownFileType = wrapper.framework; name = SpriteKit.framework; path = System/Library/Frameworks/SpriteKit.framework; sourceTree = SDKROOT; };
		2A0706A117C69B7C0057E35D /* BounceClock-Info.plist */ = {isa = PBXFileReference; lastKnownFileType = text.plist.xml; path = "BounceClock-Info.plist"; sourceTree = "<group>"; };
		2A0706A317C69B7C0057E35D /* en */ = {isa = PBXFileReference; lastKnownFileType = text.plist.strings; name = en; path = en.lproj/InfoPlist.strings; sourceTree = "<group>"; };
		2A0706A517C69B7C0057E35D /* main.m */ = {isa = PBXFileReference; lastKnownFileType = sourcecode.c.objc; path = main.m; sourceTree = "<group>"; };
		2A0706A717C69B7C0057E35D /* BounceClock-Prefix.pch */ = {isa = PBXFileReference; lastKnownFileType = sourcecode.c.h; path = "BounceClock-Prefix.pch"; sourceTree = "<group>"; };
		2A0706A817C69B7C0057E35D /* AppDelegate.h */ = {isa = PBXFileReference; lastKnownFileType = sourcecode.c.h; path = AppDelegate.h; sourceTree = "<group>"; };
		2A0706A917C69B7C0057E35D /* AppDelegate.m */ = {isa = PBXFileReference; lastKnownFileType = sourcecode.c.objc; path = AppDelegate.m; sourceTree = "<group>"; };
		2A0706AC17C69B7C0057E35D /* Base */ = {isa = PBXFileReference; lastKnownFileType = file.storyboard; name = Base; path = Base.lproj/Main_iPhone.storyboard; sourceTree = "<group>"; };
		2A0706AF17C69B7C0057E35D /* Base */ = {isa = PBXFileReference; lastKnownFileType = file.storyboard; name = Base; path = Base.lproj/Main_iPad.storyboard; sourceTree = "<group>"; };
		2A0706B117C69B7C0057E35D /* ViewController.h */ = {isa = PBXFileReference; lastKnownFileType = sourcecode.c.h; path = ViewController.h; sourceTree = "<group>"; };
		2A0706B217C69B7C0057E35D /* ViewController.m */ = {isa = PBXFileReference; lastKnownFileType = sourcecode.c.objc; path = ViewController.m; sourceTree = "<group>"; };
		2A0706B417C69B7C0057E35D /* MyScene.h */ = {isa = PBXFileReference; lastKnownFileType = sourcecode.c.h; path = MyScene.h; sourceTree = "<group>"; };
		2A0706B517C69B7C0057E35D /* MyScene.m */ = {isa = PBXFileReference; lastKnownFileType = sourcecode.c.objc; path = MyScene.m; sourceTree = "<group>"; };
		2A0706B717C69B7C0057E35D /* Spaceship.png */ = {isa = PBXFileReference; lastKnownFileType = image.png; path = Spaceship.png; sourceTree = "<group>"; };
		2A0706B917C69B7C0057E35D /* Images.xcassets */ = {isa = PBXFileReference; lastKnownFileType = folder.assetcatalog; path = Images.xcassets; sourceTree = "<group>"; };
		2A0706BF17C69B7D0057E35D /* BounceClockTests.xctest */ = {isa = PBXFileReference; explicitFileType = wrapper.cfbundle; includeInIndex = 0; path = BounceClockTests.xctest; sourceTree = BUILT_PRODUCTS_DIR; };
		2A0706C017C69B7D0057E35D /* XCTest.framework */ = {isa = PBXFileReference; lastKnownFileType = wrapper.framework; name = XCTest.framework; path = Library/Frameworks/XCTest.framework; sourceTree = DEVELOPER_DIR; };
		2A0706C817C69B7D0057E35D /* BounceClockTests-Info.plist */ = {isa = PBXFileReference; lastKnownFileType = text.plist.xml; path = "BounceClockTests-Info.plist"; sourceTree = "<group>"; };
		2A0706CA17C69B7D0057E35D /* en */ = {isa = PBXFileReference; lastKnownFileType = text.plist.strings; name = en; path = en.lproj/InfoPlist.strings; sourceTree = "<group>"; };
		2A0706CC17C69B7D0057E35D /* BounceClockTests.m */ = {isa = PBXFileReference; lastKnownFileType = sourcecode.c.objc; path = BounceClockTests.m; sourceTree = "<group>"; };
		2A0706D617C69C020057E35D /* BCLNumberBox.h */ = {isa = PBXFileReference; fileEncoding = 4; lastKnownFileType = sourcecode.c.h; name = BCLNumberBox.h; path = Nodes/BCLNumberBox.h; sourceTree = "<group>"; };
		2A0706D717C69C020057E35D /* BCLNumberBox.m */ = {isa = PBXFileReference; fileEncoding = 4; lastKnownFileType = sourcecode.c.objc; name = BCLNumberBox.m; path = Nodes/BCLNumberBox.m; sourceTree = "<group>"; };
		2A0706DA17C6AEB60057E35D /* BCLFloorSegment.h */ = {isa = PBXFileReference; fileEncoding = 4; lastKnownFileType = sourcecode.c.h; name = BCLFloorSegment.h; path = Nodes/BCLFloorSegment.h; sourceTree = "<group>"; };
		2A0706DB17C6AEB60057E35D /* BCLFloorSegment.m */ = {isa = PBXFileReference; fileEncoding = 4; lastKnownFileType = sourcecode.c.objc; name = BCLFloorSegment.m; path = Nodes/BCLFloorSegment.m; sourceTree = "<group>"; };
		2A0706DE17C6B5590057E35D /* THTime.h */ = {isa = PBXFileReference; fileEncoding = 4; lastKnownFileType = sourcecode.c.h; path = THTime.h; sourceTree = "<group>"; };
		2A0706DF17C6B5590057E35D /* THTime.m */ = {isa = PBXFileReference; fileEncoding = 4; lastKnownFileType = sourcecode.c.objc; path = THTime.m; sourceTree = "<group>"; };
		2A14AE3617C733E30056FDC7 /* UIColor+FlatUI.h */ = {isa = PBXFileReference; fileEncoding = 4; lastKnownFileType = sourcecode.c.h; path = "UIColor+FlatUI.h"; sourceTree = "<group>"; };
		2A14AE3717C733E30056FDC7 /* UIColor+FlatUI.m */ = {isa = PBXFileReference; fileEncoding = 4; lastKnownFileType = sourcecode.c.objc; path = "UIColor+FlatUI.m"; sourceTree = "<group>"; };
		2A14AE3917C7350A0056FDC7 /* UIColor+CrossFade.h */ = {isa = PBXFileReference; fileEncoding = 4; lastKnownFileType = sourcecode.c.h; path = "UIColor+CrossFade.h"; sourceTree = "<group>"; };
		2A14AE3A17C7350A0056FDC7 /* UIColor+CrossFade.m */ = {isa = PBXFileReference; fileEncoding = 4; lastKnownFileType = sourcecode.c.objc; path = "UIColor+CrossFade.m"; sourceTree = "<group>"; };
		2A14AE3C17C7D50D0056FDC7 /* BCLFloater.h */ = {isa = PBXFileReference; fileEncoding = 4; lastKnownFileType = sourcecode.c.h; name = BCLFloater.h; path = Nodes/BCLFloater.h; sourceTree = "<group>"; };
		2A14AE3D17C7D50D0056FDC7 /* BCLFloater.m */ = {isa = PBXFileReference; fileEncoding = 4; lastKnownFileType = sourcecode.c.objc; name = BCLFloater.m; path = Nodes/BCLFloater.m; sourceTree = "<group>"; };
		2A14AE3F17C7E0A80056FDC7 /* BCLNodeGlobals.h */ = {isa = PBXFileReference; fileEncoding = 4; lastKnownFileType = sourcecode.c.h; path = BCLNodeGlobals.h; sourceTree = "<group>"; };
		2A14AE4017C7E0A80056FDC7 /* BCLNodeGlobals.m */ = {isa = PBXFileReference; fileEncoding = 4; lastKnownFileType = sourcecode.c.objc; path = BCLNodeGlobals.m; sourceTree = "<group>"; };
		2A14AE4317C7E6DB0056FDC7 /* ipad-level6@2x.png */ = {isa = PBXFileReference; lastKnownFileType = image.png; path = "ipad-level6@2x.png"; sourceTree = "<group>"; };
		2A14AE4917C7E6DB0056FDC7 /* BCLbg1@2x.png */ = {isa = PBXFileReference; lastKnownFileType = image.png; path = "BCLbg1@2x.png"; sourceTree = "<group>"; };
		2A14AE4C17C7E6DB0056FDC7 /* circle@2x.png */ = {isa = PBXFileReference; lastKnownFileType = image.png; path = "circle@2x.png"; sourceTree = "<group>"; };
/* End PBXFileReference section */

/* Begin PBXFrameworksBuildPhase section */
		2A07069117C69B7C0057E35D /* Frameworks */ = {
			isa = PBXFrameworksBuildPhase;
			buildActionMask = 2147483647;
			files = (
				2A07069A17C69B7C0057E35D /* CoreGraphics.framework in Frameworks */,
				2A07069C17C69B7C0057E35D /* UIKit.framework in Frameworks */,
				2A07069E17C69B7C0057E35D /* SpriteKit.framework in Frameworks */,
				2A07069817C69B7C0057E35D /* Foundation.framework in Frameworks */,
			);
			runOnlyForDeploymentPostprocessing = 0;
		};
		2A0706BC17C69B7D0057E35D /* Frameworks */ = {
			isa = PBXFrameworksBuildPhase;
			buildActionMask = 2147483647;
			files = (
				2A0706C117C69B7D0057E35D /* XCTest.framework in Frameworks */,
				2A0706C317C69B7D0057E35D /* UIKit.framework in Frameworks */,
				2A0706C217C69B7D0057E35D /* Foundation.framework in Frameworks */,
			);
			runOnlyForDeploymentPostprocessing = 0;
		};
/* End PBXFrameworksBuildPhase section */

/* Begin PBXGroup section */
		2A07068B17C69B7C0057E35D = {
			isa = PBXGroup;
			children = (
				2A07069F17C69B7C0057E35D /* BounceClock */,
				2A0706C617C69B7D0057E35D /* BounceClockTests */,
				2A07069617C69B7C0057E35D /* Frameworks */,
				2A07069517C69B7C0057E35D /* Products */,
			);
			sourceTree = "<group>";
		};
		2A07069517C69B7C0057E35D /* Products */ = {
			isa = PBXGroup;
			children = (
				2A07069417C69B7C0057E35D /* BounceClock.app */,
				2A0706BF17C69B7D0057E35D /* BounceClockTests.xctest */,
			);
			name = Products;
			sourceTree = "<group>";
		};
		2A07069617C69B7C0057E35D /* Frameworks */ = {
			isa = PBXGroup;
			children = (
				2A07069717C69B7C0057E35D /* Foundation.framework */,
				2A07069917C69B7C0057E35D /* CoreGraphics.framework */,
				2A07069B17C69B7C0057E35D /* UIKit.framework */,
				2A07069D17C69B7C0057E35D /* SpriteKit.framework */,
				2A0706C017C69B7D0057E35D /* XCTest.framework */,
			);
			name = Frameworks;
			sourceTree = "<group>";
		};
		2A07069F17C69B7C0057E35D /* BounceClock */ = {
			isa = PBXGroup;
			children = (
				2A14AE4B17C7E6DB0056FDC7 /* Textures */,
				2A14AE4217C7E6B70056FDC7 /* BackgroundImages */,
				2A14AE3217C733A70056FDC7 /* UtilityClasses */,
				2A0706DD17C6B5160057E35D /* TimeClasses */,
				2A0706A817C69B7C0057E35D /* AppDelegate.h */,
				2A0706A917C69B7C0057E35D /* AppDelegate.m */,
				2A0706AB17C69B7C0057E35D /* Main_iPhone.storyboard */,
				2A0706AE17C69B7C0057E35D /* Main_iPad.storyboard */,
				2A0706B117C69B7C0057E35D /* ViewController.h */,
				2A0706B217C69B7C0057E35D /* ViewController.m */,
				2A0706B417C69B7C0057E35D /* MyScene.h */,
				2A0706B517C69B7C0057E35D /* MyScene.m */,
				2A0706B717C69B7C0057E35D /* Spaceship.png */,
				2A0706B917C69B7C0057E35D /* Images.xcassets */,
				2A0706A017C69B7C0057E35D /* Supporting Files */,
				2A0706D917C69C070057E35D /* Nodes */,
			);
			path = BounceClock;
			sourceTree = "<group>";
		};
		2A0706A017C69B7C0057E35D /* Supporting Files */ = {
			isa = PBXGroup;
			children = (
				2A0706A117C69B7C0057E35D /* BounceClock-Info.plist */,
				2A0706A217C69B7C0057E35D /* InfoPlist.strings */,
				2A0706A517C69B7C0057E35D /* main.m */,
				2A0706A717C69B7C0057E35D /* BounceClock-Prefix.pch */,
			);
			name = "Supporting Files";
			sourceTree = "<group>";
		};
		2A0706C617C69B7D0057E35D /* BounceClockTests */ = {
			isa = PBXGroup;
			children = (
				2A0706CC17C69B7D0057E35D /* BounceClockTests.m */,
				2A0706C717C69B7D0057E35D /* Supporting Files */,
			);
			path = BounceClockTests;
			sourceTree = "<group>";
		};
		2A0706C717C69B7D0057E35D /* Supporting Files */ = {
			isa = PBXGroup;
			children = (
				2A0706C817C69B7D0057E35D /* BounceClockTests-Info.plist */,
				2A0706C917C69B7D0057E35D /* InfoPlist.strings */,
			);
			name = "Supporting Files";
			sourceTree = "<group>";
		};
		2A0706D917C69C070057E35D /* Nodes */ = {
			isa = PBXGroup;
			children = (
				2A0706D617C69C020057E35D /* BCLNumberBox.h */,
				2A0706D717C69C020057E35D /* BCLNumberBox.m */,
				2A0706DA17C6AEB60057E35D /* BCLFloorSegment.h */,
				2A0706DB17C6AEB60057E35D /* BCLFloorSegment.m */,
				2A14AE3C17C7D50D0056FDC7 /* BCLFloater.h */,
				2A14AE3D17C7D50D0056FDC7 /* BCLFloater.m */,
				2A14AE3F17C7E0A80056FDC7 /* BCLNodeGlobals.h */,
				2A14AE4017C7E0A80056FDC7 /* BCLNodeGlobals.m */,
			);
			name = Nodes;
			sourceTree = "<group>";
		};
		2A0706DD17C6B5160057E35D /* TimeClasses */ = {
			isa = PBXGroup;
			children = (
				2A0706DE17C6B5590057E35D /* THTime.h */,
				2A0706DF17C6B5590057E35D /* THTime.m */,
			);
			name = TimeClasses;
			sourceTree = "<group>";
		};
		2A14AE3217C733A70056FDC7 /* UtilityClasses */ = {
			isa = PBXGroup;
			children = (
				2A14AE3917C7350A0056FDC7 /* UIColor+CrossFade.h */,
				2A14AE3A17C7350A0056FDC7 /* UIColor+CrossFade.m */,
				2A14AE3617C733E30056FDC7 /* UIColor+FlatUI.h */,
				2A14AE3717C733E30056FDC7 /* UIColor+FlatUI.m */,
			);
			name = UtilityClasses;
			sourceTree = "<group>";
		};
		2A14AE4217C7E6B70056FDC7 /* BackgroundImages */ = {
			isa = PBXGroup;
			children = (
				2A14AE4917C7E6DB0056FDC7 /* BCLbg1@2x.png */,
				2A14AE4317C7E6DB0056FDC7 /* ipad-level6@2x.png */,
			);
			name = BackgroundImages;
			sourceTree = "<group>";
		};
		2A14AE4B17C7E6DB0056FDC7 /* Textures */ = {
			isa = PBXGroup;
			children = (
				2A14AE4C17C7E6DB0056FDC7 /* circle@2x.png */,
			);
			name = Textures;
			sourceTree = "<group>";
		};
/* End PBXGroup section */

/* Begin PBXNativeTarget section */
		2A07069317C69B7C0057E35D /* BounceClock */ = {
			isa = PBXNativeTarget;
			buildConfigurationList = 2A0706D017C69B7D0057E35D /* Build configuration list for PBXNativeTarget "BounceClock" */;
			buildPhases = (
				2A07069017C69B7C0057E35D /* Sources */,
				2A07069117C69B7C0057E35D /* Frameworks */,
				2A07069217C69B7C0057E35D /* Resources */,
			);
			buildRules = (
			);
			dependencies = (
			);
			name = BounceClock;
			productName = BounceClock;
			productReference = 2A07069417C69B7C0057E35D /* BounceClock.app */;
			productType = "com.apple.product-type.application";
		};
		2A0706BE17C69B7D0057E35D /* BounceClockTests */ = {
			isa = PBXNativeTarget;
			buildConfigurationList = 2A0706D317C69B7D0057E35D /* Build configuration list for PBXNativeTarget "BounceClockTests" */;
			buildPhases = (
				2A0706BB17C69B7D0057E35D /* Sources */,
				2A0706BC17C69B7D0057E35D /* Frameworks */,
				2A0706BD17C69B7D0057E35D /* Resources */,
			);
			buildRules = (
			);
			dependencies = (
				2A0706C517C69B7D0057E35D /* PBXTargetDependency */,
			);
			name = BounceClockTests;
			productName = BounceClockTests;
			productReference = 2A0706BF17C69B7D0057E35D /* BounceClockTests.xctest */;
			productType = "com.apple.product-type.bundle.unit-test";
		};
/* End PBXNativeTarget section */

/* Begin PBXProject section */
		2A07068C17C69B7C0057E35D /* Project object */ = {
			isa = PBXProject;
			attributes = {
				LastUpgradeCheck = 0500;
				ORGANIZATIONNAME = "Lone Yeti";
				TargetAttributes = {
					2A0706BE17C69B7D0057E35D = {
						TestTargetID = 2A07069317C69B7C0057E35D;
					};
				};
			};
			buildConfigurationList = 2A07068F17C69B7C0057E35D /* Build configuration list for PBXProject "BounceClock" */;
			compatibilityVersion = "Xcode 3.2";
			developmentRegion = English;
			hasScannedForEncodings = 0;
			knownRegions = (
				en,
				Base,
			);
			mainGroup = 2A07068B17C69B7C0057E35D;
			productRefGroup = 2A07069517C69B7C0057E35D /* Products */;
			projectDirPath = "";
			projectRoot = "";
			targets = (
				2A07069317C69B7C0057E35D /* BounceClock */,
				2A0706BE17C69B7D0057E35D /* BounceClockTests */,
			);
		};
/* End PBXProject section */

/* Begin PBXResourcesBuildPhase section */
		2A07069217C69B7C0057E35D /* Resources */ = {
			isa = PBXResourcesBuildPhase;
			buildActionMask = 2147483647;
			files = (
				2A14AE4417C7E6DB0056FDC7 /* ipad-level6@2x.png in Resources */,
				2A0706B817C69B7C0057E35D /* Spaceship.png in Resources */,
				2A0706BA17C69B7C0057E35D /* Images.xcassets in Resources */,
				2A0706B017C69B7C0057E35D /* Main_iPad.storyboard in Resources */,
				2A14AE4D17C7E6DB0056FDC7 /* circle@2x.png in Resources */,
				2A14AE4A17C7E6DB0056FDC7 /* BCLbg1@2x.png in Resources */,
				2A0706AD17C69B7C0057E35D /* Main_iPhone.storyboard in Resources */,
				2A0706A417C69B7C0057E35D /* InfoPlist.strings in Resources */,
			);
			runOnlyForDeploymentPostprocessing = 0;
		};
		2A0706BD17C69B7D0057E35D /* Resources */ = {
			isa = PBXResourcesBuildPhase;
			buildActionMask = 2147483647;
			files = (
				2A0706CB17C69B7D0057E35D /* InfoPlist.strings in Resources */,
			);
			runOnlyForDeploymentPostprocessing = 0;
		};
/* End PBXResourcesBuildPhase section */

/* Begin PBXSourcesBuildPhase section */
		2A07069017C69B7C0057E35D /* Sources */ = {
			isa = PBXSourcesBuildPhase;
			buildActionMask = 2147483647;
			files = (
				2A0706E017C6B5590057E35D /* THTime.m in Sources */,
				2A0706DC17C6AEB60057E35D /* BCLFloorSegment.m in Sources */,
				2A0706B617C69B7C0057E35D /* MyScene.m in Sources */,
				2A14AE3E17C7D50D0056FDC7 /* BCLFloater.m in Sources */,
				2A14AE3B17C7350A0056FDC7 /* UIColor+CrossFade.m in Sources */,
				2A0706B317C69B7C0057E35D /* ViewController.m in Sources */,
				2A0706D817C69C020057E35D /* BCLNumberBox.m in Sources */,
				2A14AE3817C733E30056FDC7 /* UIColor+FlatUI.m in Sources */,
				2A0706AA17C69B7C0057E35D /* AppDelegate.m in Sources */,
				2A14AE4117C7E0A80056FDC7 /* BCLNodeGlobals.m in Sources */,
				2A0706A617C69B7C0057E35D /* main.m in Sources */,
			);
			runOnlyForDeploymentPostprocessing = 0;
		};
		2A0706BB17C69B7D0057E35D /* Sources */ = {
			isa = PBXSourcesBuildPhase;
			buildActionMask = 2147483647;
			files = (
				2A0706CD17C69B7D0057E35D /* BounceClockTests.m in Sources */,
			);
			runOnlyForDeploymentPostprocessing = 0;
		};
/* End PBXSourcesBuildPhase section */

/* Begin PBXTargetDependency section */
		2A0706C517C69B7D0057E35D /* PBXTargetDependency */ = {
			isa = PBXTargetDependency;
			target = 2A07069317C69B7C0057E35D /* BounceClock */;
			targetProxy = 2A0706C417C69B7D0057E35D /* PBXContainerItemProxy */;
		};
/* End PBXTargetDependency section */

/* Begin PBXVariantGroup section */
		2A0706A217C69B7C0057E35D /* InfoPlist.strings */ = {
			isa = PBXVariantGroup;
			children = (
				2A0706A317C69B7C0057E35D /* en */,
			);
			name = InfoPlist.strings;
			sourceTree = "<group>";
		};
		2A0706AB17C69B7C0057E35D /* Main_iPhone.storyboard */ = {
			isa = PBXVariantGroup;
			children = (
				2A0706AC17C69B7C0057E35D /* Base */,
			);
			name = Main_iPhone.storyboard;
			sourceTree = "<group>";
		};
		2A0706AE17C69B7C0057E35D /* Main_iPad.storyboard */ = {
			isa = PBXVariantGroup;
			children = (
				2A0706AF17C69B7C0057E35D /* Base */,
			);
			name = Main_iPad.storyboard;
			sourceTree = "<group>";
		};
		2A0706C917C69B7D0057E35D /* InfoPlist.strings */ = {
			isa = PBXVariantGroup;
			children = (
				2A0706CA17C69B7D0057E35D /* en */,
			);
			name = InfoPlist.strings;
			sourceTree = "<group>";
		};
/* End PBXVariantGroup section */

/* Begin XCBuildConfiguration section */
		2A0706CE17C69B7D0057E35D /* Debug */ = {
			isa = XCBuildConfiguration;
			buildSettings = {
				ALWAYS_SEARCH_USER_PATHS = NO;
				CLANG_CXX_LANGUAGE_STANDARD = "gnu++0x";
				CLANG_CXX_LIBRARY = "libc++";
				CLANG_ENABLE_MODULES = YES;
				CLANG_ENABLE_OBJC_ARC = YES;
				CLANG_WARN_BOOL_CONVERSION = YES;
				CLANG_WARN_CONSTANT_CONVERSION = YES;
				CLANG_WARN_DIRECT_OBJC_ISA_USAGE = YES_ERROR;
				CLANG_WARN_EMPTY_BODY = YES;
				CLANG_WARN_ENUM_CONVERSION = YES;
				CLANG_WARN_INT_CONVERSION = YES;
				CLANG_WARN_OBJC_ROOT_CLASS = YES_ERROR;
				CLANG_WARN__DUPLICATE_METHOD_MATCH = YES;
				"CODE_SIGN_IDENTITY[sdk=iphoneos*]" = "iPhone Developer";
				COPY_PHASE_STRIP = NO;
				GCC_C_LANGUAGE_STANDARD = gnu99;
				GCC_DYNAMIC_NO_PIC = NO;
				GCC_OPTIMIZATION_LEVEL = 0;
				GCC_PREPROCESSOR_DEFINITIONS = (
					"DEBUG=1",
					"$(inherited)",
				);
				GCC_SYMBOLS_PRIVATE_EXTERN = NO;
				GCC_WARN_ABOUT_RETURN_TYPE = YES_ERROR;
				GCC_WARN_UNDECLARED_SELECTOR = YES;
				GCC_WARN_UNINITIALIZED_AUTOS = YES;
				GCC_WARN_UNUSED_FUNCTION = YES;
				GCC_WARN_UNUSED_VARIABLE = YES;
				IPHONEOS_DEPLOYMENT_TARGET = 7.0;
				ONLY_ACTIVE_ARCH = YES;
				SDKROOT = iphoneos;
				TARGETED_DEVICE_FAMILY = "1,2";
			};
			name = Debug;
		};
		2A0706CF17C69B7D0057E35D /* Release */ = {
			isa = XCBuildConfiguration;
			buildSettings = {
				ALWAYS_SEARCH_USER_PATHS = NO;
				CLANG_CXX_LANGUAGE_STANDARD = "gnu++0x";
				CLANG_CXX_LIBRARY = "libc++";
				CLANG_ENABLE_MODULES = YES;
				CLANG_ENABLE_OBJC_ARC = YES;
				CLANG_WARN_BOOL_CONVERSION = YES;
				CLANG_WARN_CONSTANT_CONVERSION = YES;
				CLANG_WARN_DIRECT_OBJC_ISA_USAGE = YES_ERROR;
				CLANG_WARN_EMPTY_BODY = YES;
				CLANG_WARN_ENUM_CONVERSION = YES;
				CLANG_WARN_INT_CONVERSION = YES;
				CLANG_WARN_OBJC_ROOT_CLASS = YES_ERROR;
				CLANG_WARN__DUPLICATE_METHOD_MATCH = YES;
				"CODE_SIGN_IDENTITY[sdk=iphoneos*]" = "iPhone Developer";
				COPY_PHASE_STRIP = YES;
				ENABLE_NS_ASSERTIONS = NO;
				GCC_C_LANGUAGE_STANDARD = gnu99;
				GCC_WARN_ABOUT_RETURN_TYPE = YES_ERROR;
				GCC_WARN_UNDECLARED_SELECTOR = YES;
				GCC_WARN_UNINITIALIZED_AUTOS = YES;
				GCC_WARN_UNUSED_FUNCTION = YES;
				GCC_WARN_UNUSED_VARIABLE = YES;
				IPHONEOS_DEPLOYMENT_TARGET = 7.0;
				SDKROOT = iphoneos;
				TARGETED_DEVICE_FAMILY = "1,2";
				VALIDATE_PRODUCT = YES;
			};
			name = Release;
		};
		2A0706D117C69B7D0057E35D /* Debug */ = {
			isa = XCBuildConfiguration;
			buildSettings = {
				ASSETCATALOG_COMPILER_APPICON_NAME = AppIcon;
				ASSETCATALOG_COMPILER_LAUNCHIMAGE_NAME = LaunchImage;
				GCC_PRECOMPILE_PREFIX_HEADER = YES;
				GCC_PREFIX_HEADER = "BounceClock/BounceClock-Prefix.pch";
				INFOPLIST_FILE = "BounceClock/BounceClock-Info.plist";
				PRODUCT_NAME = "$(TARGET_NAME)";
				SPRITEKIT_TEXTURE_ATLAS_OUTPUT = YES;
				WRAPPER_EXTENSION = app;
			};
			name = Debug;
		};
		2A0706D217C69B7D0057E35D /* Release */ = {
			isa = XCBuildConfiguration;
			buildSettings = {
				ASSETCATALOG_COMPILER_APPICON_NAME = AppIcon;
				ASSETCATALOG_COMPILER_LAUNCHIMAGE_NAME = LaunchImage;
				GCC_PRECOMPILE_PREFIX_HEADER = YES;
				GCC_PREFIX_HEADER = "BounceClock/BounceClock-Prefix.pch";
				INFOPLIST_FILE = "BounceClock/BounceClock-Info.plist";
				PRODUCT_NAME = "$(TARGET_NAME)";
				SPRITEKIT_TEXTURE_ATLAS_OUTPUT = YES;
				WRAPPER_EXTENSION = app;
			};
			name = Release;
		};
		2A0706D417C69B7D0057E35D /* Debug */ = {
			isa = XCBuildConfiguration;
			buildSettings = {
				BUNDLE_LOADER = "$(BUILT_PRODUCTS_DIR)/BounceClock.app/BounceClock";
				FRAMEWORK_SEARCH_PATHS = (
					"$(SDKROOT)/Developer/Library/Frameworks",
					"$(inherited)",
					"$(DEVELOPER_FRAMEWORKS_DIR)",
				);
				GCC_PRECOMPILE_PREFIX_HEADER = YES;
				GCC_PREFIX_HEADER = "BounceClock/BounceClock-Prefix.pch";
				GCC_PREPROCESSOR_DEFINITIONS = (
					"DEBUG=1",
					"$(inherited)",
				);
				INFOPLIST_FILE = "BounceClockTests/BounceClockTests-Info.plist";
				PRODUCT_NAME = "$(TARGET_NAME)";
				TEST_HOST = "$(BUNDLE_LOADER)";
				WRAPPER_EXTENSION = xctest;
			};
			name = Debug;
		};
		2A0706D517C69B7D0057E35D /* Release */ = {
			isa = XCBuildConfiguration;
			buildSettings = {
				BUNDLE_LOADER = "$(BUILT_PRODUCTS_DIR)/BounceClock.app/BounceClock";
				FRAMEWORK_SEARCH_PATHS = (
					"$(SDKROOT)/Developer/Library/Frameworks",
					"$(inherited)",
					"$(DEVELOPER_FRAMEWORKS_DIR)",
				);
				GCC_PRECOMPILE_PREFIX_HEADER = YES;
				GCC_PREFIX_HEADER = "BounceClock/BounceClock-Prefix.pch";
				INFOPLIST_FILE = "BounceClockTests/BounceClockTests-Info.plist";
				PRODUCT_NAME = "$(TARGET_NAME)";
				TEST_HOST = "$(BUNDLE_LOADER)";
				WRAPPER_EXTENSION = xctest;
			};
			name = Release;
		};
/* End XCBuildConfiguration section */

/* Begin XCConfigurationList section */
		2A07068F17C69B7C0057E35D /* Build configuration list for PBXProject "BounceClock" */ = {
			isa = XCConfigurationList;
			buildConfigurations = (
				2A0706CE17C69B7D0057E35D /* Debug */,
				2A0706CF17C69B7D0057E35D /* Release */,
			);
			defaultConfigurationIsVisible = 0;
			defaultConfigurationName = Release;
		};
		2A0706D017C69B7D0057E35D /* Build configuration list for PBXNativeTarget "BounceClock" */ = {
			isa = XCConfigurationList;
			buildConfigurations = (
				2A0706D117C69B7D0057E35D /* Debug */,
				2A0706D217C69B7D0057E35D /* Release */,
			);
			defaultConfigurationIsVisible = 0;
			defaultConfigurationName = Release;
		};
		2A0706D317C69B7D0057E35D /* Build configuration list for PBXNativeTarget "BounceClockTests" */ = {
			isa = XCConfigurationList;
			buildConfigurations = (
				2A0706D417C69B7D0057E35D /* Debug */,
				2A0706D517C69B7D0057E35D /* Release */,
			);
			defaultConfigurationIsVisible = 0;
			defaultConfigurationName = Release;
		};
/* End XCConfigurationList section */
	};
	rootObject = 2A07068C17C69B7C0057E35D /* Project object */;
}
